// !$*UTF8*$!
{
	archiveVersion = 1;
	classes = {
	};
	objectVersion = 77;
	objects = {

/* Begin PBXContainerItemProxy section */
		843C826C2CE3AACB00A7F738 /* PBXContainerItemProxy */ = {
			isa = PBXContainerItemProxy;
			containerPortal = 843C82532CE3AAC400A7F738 /* Project object */;
			proxyType = 1;
			remoteGlobalIDString = 843C825A2CE3AAC400A7F738;
			remoteInfo = GetDough;
		};
		843C82762CE3AACB00A7F738 /* PBXContainerItemProxy */ = {
			isa = PBXContainerItemProxy;
			containerPortal = 843C82532CE3AAC400A7F738 /* Project object */;
			proxyType = 1;
			remoteGlobalIDString = 843C825A2CE3AAC400A7F738;
			remoteInfo = GetDough;
		};
/* End PBXContainerItemProxy section */

/* Begin PBXFileReference section */
		843C825B2CE3AAC400A7F738 /* GetDough.app */ = {isa = PBXFileReference; explicitFileType = wrapper.application; includeInIndex = 0; path = GetDough.app; sourceTree = BUILT_PRODUCTS_DIR; };
		843C826B2CE3AACB00A7F738 /* GetDoughTests.xctest */ = {isa = PBXFileReference; explicitFileType = wrapper.cfbundle; includeInIndex = 0; path = GetDoughTests.xctest; sourceTree = BUILT_PRODUCTS_DIR; };
		843C82752CE3AACB00A7F738 /* GetDoughUITests.xctest */ = {isa = PBXFileReference; explicitFileType = wrapper.cfbundle; includeInIndex = 0; path = GetDoughUITests.xctest; sourceTree = BUILT_PRODUCTS_DIR; };
/* End PBXFileReference section */

/* Begin PBXFileSystemSynchronizedRootGroup section */
		843C825D2CE3AAC400A7F738 /* GetDough */ = {
			isa = PBXFileSystemSynchronizedRootGroup;
			path = GetDough;
			sourceTree = "<group>";
		};
		843C826E2CE3AACB00A7F738 /* GetDoughTests */ = {
			isa = PBXFileSystemSynchronizedRootGroup;
			path = GetDoughTests;
			sourceTree = "<group>";
		};
		843C82782CE3AACB00A7F738 /* GetDoughUITests */ = {
			isa = PBXFileSystemSynchronizedRootGroup;
			path = GetDoughUITests;
			sourceTree = "<group>";
		};
/* End PBXFileSystemSynchronizedRootGroup section */

/* Begin PBXFrameworksBuildPhase section */
		843C82582CE3AAC400A7F738 /* Frameworks */ = {
			isa = PBXFrameworksBuildPhase;
			buildActionMask = 2147483647;
			files = (
			);
			runOnlyForDeploymentPostprocessing = 0;
		};
		843C82682CE3AACB00A7F738 /* Frameworks */ = {
			isa = PBXFrameworksBuildPhase;
			buildActionMask = 2147483647;
			files = (
			);
			runOnlyForDeploymentPostprocessing = 0;
		};
		843C82722CE3AACB00A7F738 /* Frameworks */ = {
			isa = PBXFrameworksBuildPhase;
			buildActionMask = 2147483647;
			files = (
			);
			runOnlyForDeploymentPostprocessing = 0;
		};
/* End PBXFrameworksBuildPhase section */

/* Begin PBXGroup section */
		843C82522CE3AAC400A7F738 = {
			isa = PBXGroup;
			children = (
				843C825D2CE3AAC400A7F738 /* GetDough */,
				843C826E2CE3AACB00A7F738 /* GetDoughTests */,
				843C82782CE3AACB00A7F738 /* GetDoughUITests */,
				843C825C2CE3AAC400A7F738 /* Products */,
			);
			sourceTree = "<group>";
		};
		843C825C2CE3AAC400A7F738 /* Products */ = {
			isa = PBXGroup;
			children = (
				843C825B2CE3AAC400A7F738 /* GetDough.app */,
				843C826B2CE3AACB00A7F738 /* GetDoughTests.xctest */,
				843C82752CE3AACB00A7F738 /* GetDoughUITests.xctest */,
			);
			name = Products;
			sourceTree = "<group>";
		};
/* End PBXGroup section */

/* Begin PBXNativeTarget section */
		843C825A2CE3AAC400A7F738 /* GetDough */ = {
			isa = PBXNativeTarget;
			buildConfigurationList = 843C827F2CE3AACB00A7F738 /* Build configuration list for PBXNativeTarget "GetDough" */;
			buildPhases = (
				843C82572CE3AAC400A7F738 /* Sources */,
				843C82582CE3AAC400A7F738 /* Frameworks */,
				843C82592CE3AAC400A7F738 /* Resources */,
			);
			buildRules = (
			);
			dependencies = (
			);
			fileSystemSynchronizedGroups = (
				843C825D2CE3AAC400A7F738 /* GetDough */,
			);
			name = GetDough;
			packageProductDependencies = (
			);
			productName = GetDough;
			productReference = 843C825B2CE3AAC400A7F738 /* GetDough.app */;
			productType = "com.apple.product-type.application";
		};
		843C826A2CE3AACB00A7F738 /* GetDoughTests */ = {
			isa = PBXNativeTarget;
			buildConfigurationList = 843C82822CE3AACB00A7F738 /* Build configuration list for PBXNativeTarget "GetDoughTests" */;
			buildPhases = (
				843C82672CE3AACB00A7F738 /* Sources */,
				843C82682CE3AACB00A7F738 /* Frameworks */,
				843C82692CE3AACB00A7F738 /* Resources */,
			);
			buildRules = (
			);
			dependencies = (
				843C826D2CE3AACB00A7F738 /* PBXTargetDependency */,
			);
			fileSystemSynchronizedGroups = (
				843C826E2CE3AACB00A7F738 /* GetDoughTests */,
			);
			name = GetDoughTests;
			packageProductDependencies = (
			);
			productName = GetDoughTests;
			productReference = 843C826B2CE3AACB00A7F738 /* GetDoughTests.xctest */;
			productType = "com.apple.product-type.bundle.unit-test";
		};
		843C82742CE3AACB00A7F738 /* GetDoughUITests */ = {
			isa = PBXNativeTarget;
			buildConfigurationList = 843C82852CE3AACB00A7F738 /* Build configuration list for PBXNativeTarget "GetDoughUITests" */;
			buildPhases = (
				843C82712CE3AACB00A7F738 /* Sources */,
				843C82722CE3AACB00A7F738 /* Frameworks */,
				843C82732CE3AACB00A7F738 /* Resources */,
			);
			buildRules = (
			);
			dependencies = (
				843C82772CE3AACB00A7F738 /* PBXTargetDependency */,
			);
			fileSystemSynchronizedGroups = (
				843C82782CE3AACB00A7F738 /* GetDoughUITests */,
			);
			name = GetDoughUITests;
			packageProductDependencies = (
			);
			productName = GetDoughUITests;
			productReference = 843C82752CE3AACB00A7F738 /* GetDoughUITests.xctest */;
			productType = "com.apple.product-type.bundle.ui-testing";
		};
/* End PBXNativeTarget section */

/* Begin PBXProject section */
		843C82532CE3AAC400A7F738 /* Project object */ = {
			isa = PBXProject;
			attributes = {
				BuildIndependentTargetsInParallel = 1;
				LastSwiftUpdateCheck = 1610;
				LastUpgradeCheck = 1610;
				TargetAttributes = {
					843C825A2CE3AAC400A7F738 = {
						CreatedOnToolsVersion = 16.1;
					};
					843C826A2CE3AACB00A7F738 = {
						CreatedOnToolsVersion = 16.1;
						TestTargetID = 843C825A2CE3AAC400A7F738;
					};
					843C82742CE3AACB00A7F738 = {
						CreatedOnToolsVersion = 16.1;
						TestTargetID = 843C825A2CE3AAC400A7F738;
					};
				};
			};
			buildConfigurationList = 843C82562CE3AAC400A7F738 /* Build configuration list for PBXProject "GetDough" */;
			developmentRegion = en;
			hasScannedForEncodings = 0;
			knownRegions = (
				en,
				Base,
			);
			mainGroup = 843C82522CE3AAC400A7F738;
			minimizedProjectReferenceProxies = 1;
			preferredProjectObjectVersion = 77;
			productRefGroup = 843C825C2CE3AAC400A7F738 /* Products */;
			projectDirPath = "";
			projectRoot = "";
			targets = (
				843C825A2CE3AAC400A7F738 /* GetDough */,
				843C826A2CE3AACB00A7F738 /* GetDoughTests */,
				843C82742CE3AACB00A7F738 /* GetDoughUITests */,
			);
		};
/* End PBXProject section */

/* Begin PBXResourcesBuildPhase section */
		843C82592CE3AAC400A7F738 /* Resources */ = {
			isa = PBXResourcesBuildPhase;
			buildActionMask = 2147483647;
			files = (
			);
			runOnlyForDeploymentPostprocessing = 0;
		};
		843C82692CE3AACB00A7F738 /* Resources */ = {
			isa = PBXResourcesBuildPhase;
			buildActionMask = 2147483647;
			files = (
			);
			runOnlyForDeploymentPostprocessing = 0;
		};
		843C82732CE3AACB00A7F738 /* Resources */ = {
			isa = PBXResourcesBuildPhase;
			buildActionMask = 2147483647;
			files = (
			);
			runOnlyForDeploymentPostprocessing = 0;
		};
/* End PBXResourcesBuildPhase section */

/* Begin PBXSourcesBuildPhase section */
		843C82572CE3AAC400A7F738 /* Sources */ = {
			isa = PBXSourcesBuildPhase;
			buildActionMask = 2147483647;
			files = (
			);
			runOnlyForDeploymentPostprocessing = 0;
		};
		843C82672CE3AACB00A7F738 /* Sources */ = {
			isa = PBXSourcesBuildPhase;
			buildActionMask = 2147483647;
			files = (
			);
			runOnlyForDeploymentPostprocessing = 0;
		};
		843C82712CE3AACB00A7F738 /* Sources */ = {
			isa = PBXSourcesBuildPhase;
			buildActionMask = 2147483647;
			files = (
			);
			runOnlyForDeploymentPostprocessing = 0;
		};
/* End PBXSourcesBuildPhase section */

/* Begin PBXTargetDependency section */
		843C826D2CE3AACB00A7F738 /* PBXTargetDependency */ = {
			isa = PBXTargetDependency;
			target = 843C825A2CE3AAC400A7F738 /* GetDough */;
			targetProxy = 843C826C2CE3AACB00A7F738 /* PBXContainerItemProxy */;
		};
		843C82772CE3AACB00A7F738 /* PBXTargetDependency */ = {
			isa = PBXTargetDependency;
			target = 843C825A2CE3AAC400A7F738 /* GetDough */;
			targetProxy = 843C82762CE3AACB00A7F738 /* PBXContainerItemProxy */;
		};
/* End PBXTargetDependency section */

/* Begin XCBuildConfiguration section */
		843C827D2CE3AACB00A7F738 /* Debug */ = {
			isa = XCBuildConfiguration;
			buildSettings = {
				ALWAYS_SEARCH_USER_PATHS = NO;
				ASSETCATALOG_COMPILER_GENERATE_SWIFT_ASSET_SYMBOL_EXTENSIONS = YES;
				CLANG_ANALYZER_NONNULL = YES;
				CLANG_ANALYZER_NUMBER_OBJECT_CONVERSION = YES_AGGRESSIVE;
				CLANG_CXX_LANGUAGE_STANDARD = "gnu++20";
				CLANG_ENABLE_MODULES = YES;
				CLANG_ENABLE_OBJC_ARC = YES;
				CLANG_ENABLE_OBJC_WEAK = YES;
				CLANG_WARN_BLOCK_CAPTURE_AUTORELEASING = YES;
				CLANG_WARN_BOOL_CONVERSION = YES;
				CLANG_WARN_COMMA = YES;
				CLANG_WARN_CONSTANT_CONVERSION = YES;
				CLANG_WARN_DEPRECATED_OBJC_IMPLEMENTATIONS = YES;
				CLANG_WARN_DIRECT_OBJC_ISA_USAGE = YES_ERROR;
				CLANG_WARN_DOCUMENTATION_COMMENTS = YES;
				CLANG_WARN_EMPTY_BODY = YES;
				CLANG_WARN_ENUM_CONVERSION = YES;
				CLANG_WARN_INFINITE_RECURSION = YES;
				CLANG_WARN_INT_CONVERSION = YES;
				CLANG_WARN_NON_LITERAL_NULL_CONVERSION = YES;
				CLANG_WARN_OBJC_IMPLICIT_RETAIN_SELF = YES;
				CLANG_WARN_OBJC_LITERAL_CONVERSION = YES;
				CLANG_WARN_OBJC_ROOT_CLASS = YES_ERROR;
				CLANG_WARN_QUOTED_INCLUDE_IN_FRAMEWORK_HEADER = YES;
				CLANG_WARN_RANGE_LOOP_ANALYSIS = YES;
				CLANG_WARN_STRICT_PROTOTYPES = YES;
				CLANG_WARN_SUSPICIOUS_MOVE = YES;
				CLANG_WARN_UNGUARDED_AVAILABILITY = YES_AGGRESSIVE;
				CLANG_WARN_UNREACHABLE_CODE = YES;
				CLANG_WARN__DUPLICATE_METHOD_MATCH = YES;
				COPY_PHASE_STRIP = NO;
				DEBUG_INFORMATION_FORMAT = dwarf;
				ENABLE_STRICT_OBJC_MSGSEND = YES;
				ENABLE_TESTABILITY = YES;
				ENABLE_USER_SCRIPT_SANDBOXING = YES;
				GCC_C_LANGUAGE_STANDARD = gnu17;
				GCC_DYNAMIC_NO_PIC = NO;
				GCC_NO_COMMON_BLOCKS = YES;
				GCC_OPTIMIZATION_LEVEL = 0;
				GCC_PREPROCESSOR_DEFINITIONS = (
					"DEBUG=1",
					"$(inherited)",
				);
				GCC_WARN_64_TO_32_BIT_CONVERSION = YES;
				GCC_WARN_ABOUT_RETURN_TYPE = YES_ERROR;
				GCC_WARN_UNDECLARED_SELECTOR = YES;
				GCC_WARN_UNINITIALIZED_AUTOS = YES_AGGRESSIVE;
				GCC_WARN_UNUSED_FUNCTION = YES;
				GCC_WARN_UNUSED_VARIABLE = YES;
				IPHONEOS_DEPLOYMENT_TARGET = 18.1;
				LOCALIZATION_PREFERS_STRING_CATALOGS = YES;
				MTL_ENABLE_DEBUG_INFO = INCLUDE_SOURCE;
				MTL_FAST_MATH = YES;
				ONLY_ACTIVE_ARCH = YES;
				SDKROOT = iphoneos;
				SWIFT_ACTIVE_COMPILATION_CONDITIONS = "DEBUG $(inherited)";
				SWIFT_OPTIMIZATION_LEVEL = "-Onone";
			};
			name = Debug;
		};
		843C827E2CE3AACB00A7F738 /* Release */ = {
			isa = XCBuildConfiguration;
			buildSettings = {
				ALWAYS_SEARCH_USER_PATHS = NO;
				ASSETCATALOG_COMPILER_GENERATE_SWIFT_ASSET_SYMBOL_EXTENSIONS = YES;
				CLANG_ANALYZER_NONNULL = YES;
				CLANG_ANALYZER_NUMBER_OBJECT_CONVERSION = YES_AGGRESSIVE;
				CLANG_CXX_LANGUAGE_STANDARD = "gnu++20";
				CLANG_ENABLE_MODULES = YES;
				CLANG_ENABLE_OBJC_ARC = YES;
				CLANG_ENABLE_OBJC_WEAK = YES;
				CLANG_WARN_BLOCK_CAPTURE_AUTORELEASING = YES;
				CLANG_WARN_BOOL_CONVERSION = YES;
				CLANG_WARN_COMMA = YES;
				CLANG_WARN_CONSTANT_CONVERSION = YES;
				CLANG_WARN_DEPRECATED_OBJC_IMPLEMENTATIONS = YES;
				CLANG_WARN_DIRECT_OBJC_ISA_USAGE = YES_ERROR;
				CLANG_WARN_DOCUMENTATION_COMMENTS = YES;
				CLANG_WARN_EMPTY_BODY = YES;
				CLANG_WARN_ENUM_CONVERSION = YES;
				CLANG_WARN_INFINITE_RECURSION = YES;
				CLANG_WARN_INT_CONVERSION = YES;
				CLANG_WARN_NON_LITERAL_NULL_CONVERSION = YES;
				CLANG_WARN_OBJC_IMPLICIT_RETAIN_SELF = YES;
				CLANG_WARN_OBJC_LITERAL_CONVERSION = YES;
				CLANG_WARN_OBJC_ROOT_CLASS = YES_ERROR;
				CLANG_WARN_QUOTED_INCLUDE_IN_FRAMEWORK_HEADER = YES;
				CLANG_WARN_RANGE_LOOP_ANALYSIS = YES;
				CLANG_WARN_STRICT_PROTOTYPES = YES;
				CLANG_WARN_SUSPICIOUS_MOVE = YES;
				CLANG_WARN_UNGUARDED_AVAILABILITY = YES_AGGRESSIVE;
				CLANG_WARN_UNREACHABLE_CODE = YES;
				CLANG_WARN__DUPLICATE_METHOD_MATCH = YES;
				COPY_PHASE_STRIP = NO;
				DEBUG_INFORMATION_FORMAT = "dwarf-with-dsym";
				ENABLE_NS_ASSERTIONS = NO;
				ENABLE_STRICT_OBJC_MSGSEND = YES;
				ENABLE_USER_SCRIPT_SANDBOXING = YES;
				GCC_C_LANGUAGE_STANDARD = gnu17;
				GCC_NO_COMMON_BLOCKS = YES;
				GCC_WARN_64_TO_32_BIT_CONVERSION = YES;
				GCC_WARN_ABOUT_RETURN_TYPE = YES_ERROR;
				GCC_WARN_UNDECLARED_SELECTOR = YES;
				GCC_WARN_UNINITIALIZED_AUTOS = YES_AGGRESSIVE;
				GCC_WARN_UNUSED_FUNCTION = YES;
				GCC_WARN_UNUSED_VARIABLE = YES;
				IPHONEOS_DEPLOYMENT_TARGET = 18.1;
				LOCALIZATION_PREFERS_STRING_CATALOGS = YES;
				MTL_ENABLE_DEBUG_INFO = NO;
				MTL_FAST_MATH = YES;
				SDKROOT = iphoneos;
				SWIFT_COMPILATION_MODE = wholemodule;
				VALIDATE_PRODUCT = YES;
			};
			name = Release;
		};
		843C82802CE3AACB00A7F738 /* Debug */ = {
			isa = XCBuildConfiguration;
			buildSettings = {
				ASSETCATALOG_COMPILER_APPICON_NAME = AppIcon;
				ASSETCATALOG_COMPILER_GLOBAL_ACCENT_COLOR_NAME = AccentColor;
				CODE_SIGN_STYLE = Automatic;
				CURRENT_PROJECT_VERSION = 1;
				DEVELOPMENT_ASSET_PATHS = "\"GetDough/Preview Content\"";
				DEVELOPMENT_TEAM = V2D9M6FKMZ;
				ENABLE_PREVIEWS = YES;
				GENERATE_INFOPLIST_FILE = YES;
				INFOPLIST_KEY_UIApplicationSceneManifest_Generation = YES;
				INFOPLIST_KEY_UIApplicationSupportsIndirectInputEvents = YES;
				INFOPLIST_KEY_UILaunchScreen_Generation = YES;
				INFOPLIST_KEY_UISupportedInterfaceOrientations_iPad = "UIInterfaceOrientationPortrait UIInterfaceOrientationPortraitUpsideDown UIInterfaceOrientationLandscapeLeft UIInterfaceOrientationLandscapeRight";
				INFOPLIST_KEY_UISupportedInterfaceOrientations_iPhone = "UIInterfaceOrientationPortrait UIInterfaceOrientationLandscapeLeft UIInterfaceOrientationLandscapeRight";
				LD_RUNPATH_SEARCH_PATHS = (
					"$(inherited)",
					"@executable_path/Frameworks",
				);
				MARKETING_VERSION = 1.0;
				PRODUCT_BUNDLE_IDENTIFIER = ng.com.getdough.GetDough;
				PRODUCT_NAME = "$(TARGET_NAME)";
				SWIFT_EMIT_LOC_STRINGS = YES;
				SWIFT_VERSION = 5.0;
				TARGETED_DEVICE_FAMILY = "1,2";
			};
			name = Debug;
		};
		843C82812CE3AACB00A7F738 /* Release */ = {
			isa = XCBuildConfiguration;
			buildSettings = {
				ASSETCATALOG_COMPILER_APPICON_NAME = AppIcon;
				ASSETCATALOG_COMPILER_GLOBAL_ACCENT_COLOR_NAME = AccentColor;
				CODE_SIGN_STYLE = Automatic;
				CURRENT_PROJECT_VERSION = 1;
				DEVELOPMENT_ASSET_PATHS = "\"GetDough/Preview Content\"";
				DEVELOPMENT_TEAM = V2D9M6FKMZ;
				ENABLE_PREVIEWS = YES;
				GENERATE_INFOPLIST_FILE = YES;
				INFOPLIST_KEY_UIApplicationSceneManifest_Generation = YES;
				INFOPLIST_KEY_UIApplicationSupportsIndirectInputEvents = YES;
				INFOPLIST_KEY_UILaunchScreen_Generation = YES;
				INFOPLIST_KEY_UISupportedInterfaceOrientations_iPad = "UIInterfaceOrientationPortrait UIInterfaceOrientationPortraitUpsideDown UIInterfaceOrientationLandscapeLeft UIInterfaceOrientationLandscapeRight";
				INFOPLIST_KEY_UISupportedInterfaceOrientations_iPhone = "UIInterfaceOrientationPortrait UIInterfaceOrientationLandscapeLeft UIInterfaceOrientationLandscapeRight";
				LD_RUNPATH_SEARCH_PATHS = (
					"$(inherited)",
					"@executable_path/Frameworks",
				);
				MARKETING_VERSION = 1.0;
				PRODUCT_BUNDLE_IDENTIFIER = ng.com.getdough.GetDough;
				PRODUCT_NAME = "$(TARGET_NAME)";
				SWIFT_EMIT_LOC_STRINGS = YES;
				SWIFT_VERSION = 5.0;
				TARGETED_DEVICE_FAMILY = "1,2";
			};
			name = Release;
		};
		843C82832CE3AACB00A7F738 /* Debug */ = {
			isa = XCBuildConfiguration;
			buildSettings = {
				BUNDLE_LOADER = "$(TEST_HOST)";
				CODE_SIGN_STYLE = Automatic;
				CURRENT_PROJECT_VERSION = 1;
				GENERATE_INFOPLIST_FILE = YES;
				IPHONEOS_DEPLOYMENT_TARGET = 18.1;
				MARKETING_VERSION = 1.0;
				PRODUCT_BUNDLE_IDENTIFIER = ng.com.getdough.GetDoughTests;
				PRODUCT_NAME = "$(TARGET_NAME)";
				SWIFT_EMIT_LOC_STRINGS = NO;
				SWIFT_VERSION = 5.0;
				TARGETED_DEVICE_FAMILY = "1,2";
				TEST_HOST = "$(BUILT_PRODUCTS_DIR)/GetDough.app/$(BUNDLE_EXECUTABLE_FOLDER_PATH)/GetDough";
			};
			name = Debug;
		};
		843C82842CE3AACB00A7F738 /* Release */ = {
			isa = XCBuildConfiguration;
			buildSettings = {
				BUNDLE_LOADER = "$(TEST_HOST)";
				CODE_SIGN_STYLE = Automatic;
				CURRENT_PROJECT_VERSION = 1;
				GENERATE_INFOPLIST_FILE = YES;
				IPHONEOS_DEPLOYMENT_TARGET = 18.1;
				MARKETING_VERSION = 1.0;
				PRODUCT_BUNDLE_IDENTIFIER = ng.com.getdough.GetDoughTests;
				PRODUCT_NAME = "$(TARGET_NAME)";
				SWIFT_EMIT_LOC_STRINGS = NO;
				SWIFT_VERSION = 5.0;
				TARGETED_DEVICE_FAMILY = "1,2";
				TEST_HOST = "$(BUILT_PRODUCTS_DIR)/GetDough.app/$(BUNDLE_EXECUTABLE_FOLDER_PATH)/GetDough";
			};
			name = Release;
		};
		843C82862CE3AACB00A7F738 /* Debug */ = {
			isa = XCBuildConfiguration;
			buildSettings = {
				CODE_SIGN_STYLE = Automatic;
				CURRENT_PROJECT_VERSION = 1;
				GENERATE_INFOPLIST_FILE = YES;
				MARKETING_VERSION = 1.0;
				PRODUCT_BUNDLE_IDENTIFIER = ng.com.getdough.GetDoughUITests;
				PRODUCT_NAME = "$(TARGET_NAME)";
				SWIFT_EMIT_LOC_STRINGS = NO;
				SWIFT_VERSION = 5.0;
				TARGETED_DEVICE_FAMILY = "1,2";
				TEST_TARGET_NAME = GetDough;
			};
			name = Debug;
		};
		843C82872CE3AACB00A7F738 /* Release */ = {
			isa = XCBuildConfiguration;
			buildSettings = {
				CODE_SIGN_STYLE = Automatic;
				CURRENT_PROJECT_VERSION = 1;
				GENERATE_INFOPLIST_FILE = YES;
				MARKETING_VERSION = 1.0;
				PRODUCT_BUNDLE_IDENTIFIER = ng.com.getdough.GetDoughUITests;
				PRODUCT_NAME = "$(TARGET_NAME)";
				SWIFT_EMIT_LOC_STRINGS = NO;
				SWIFT_VERSION = 5.0;
				TARGETED_DEVICE_FAMILY = "1,2";
				TEST_TARGET_NAME = GetDough;
			};
			name = Release;
		};
/* End XCBuildConfiguration section */

/* Begin XCConfigurationList section */
		843C82562CE3AAC400A7F738 /* Build configuration list for PBXProject "GetDough" */ = {
			isa = XCConfigurationList;
			buildConfigurations = (
				843C827D2CE3AACB00A7F738 /* Debug */,
				843C827E2CE3AACB00A7F738 /* Release */,
			);
			defaultConfigurationIsVisible = 0;
			defaultConfigurationName = Release;
		};
		843C827F2CE3AACB00A7F738 /* Build configuration list for PBXNativeTarget "GetDough" */ = {
			isa = XCConfigurationList;
			buildConfigurations = (
				843C82802CE3AACB00A7F738 /* Debug */,
				843C82812CE3AACB00A7F738 /* Release */,
			);
			defaultConfigurationIsVisible = 0;
			defaultConfigurationName = Release;
		};
		843C82822CE3AACB00A7F738 /* Build configuration list for PBXNativeTarget "GetDoughTests" */ = {
			isa = XCConfigurationList;
			buildConfigurations = (
				843C82832CE3AACB00A7F738 /* Debug */,
				843C82842CE3AACB00A7F738 /* Release */,
			);
			defaultConfigurationIsVisible = 0;
			defaultConfigurationName = Release;
		};
		843C82852CE3AACB00A7F738 /* Build configuration list for PBXNativeTarget "GetDoughUITests" */ = {
			isa = XCConfigurationList;
			buildConfigurations = (
				843C82862CE3AACB00A7F738 /* Debug */,
				843C82872CE3AACB00A7F738 /* Release */,
			);
			defaultConfigurationIsVisible = 0;
			defaultConfigurationName = Release;
		};
/* End XCConfigurationList section */
	};
	rootObject = 843C82532CE3AAC400A7F738 /* Project object */;
}
